PODS:
  - Alamofire (5.11.2)
  - Realm (20.0.4):
    - Realm/Headers (= 20.0.4)
  - Realm/Headers (20.0.4)
  - RealmSwift (20.0.4):
    - Realm (= 20.0.4)
  - SDWebImage (5.21.7):
    - SDWebImage/Core (= 5.21.7)
  - SDWebImage/Core (5.21.7)
  - SDWebImageSwiftUI (3.1.4):
    - SDWebImage (~> 5.21.1)
  - SwiftLint (0.63.2)

DEPENDENCIES:
  - Alamofire
  - RealmSwift
  - SDWebImageSwiftUI
  - SwiftLint

SPEC REPOS:
  trunk:
    - Alamofire
    - Realm
    - RealmSwift
    - SDWebImage
    - SDWebImageSwiftUI
    - SwiftLint

SPEC CHECKSUMS:
  Alamofire: 400275dd1c6d87d95a041861d2a59da4b520a203
  Realm: 1fca83c42ac1d5c7767974882c8de5a7abca4d89
  RealmSwift: 84f36320f6133dea78d05c55bb46bba4387d6828
  SDWebImage: e9fc87c1aab89a8ab1bbd74eba378c6f53be8abf
  SDWebImageSwiftUI: 965cdad5a7210b7ec06aaa1a3d17180d0a152250
  SwiftLint: 4fa4a9b437ccc4fc72f6c0bc98556e8e9e05bccf

PODFILE CHECKSUM: a7fa43ee244e1deb2ba381f4f076b5d555522bc1

COCOAPODS: 1.16.2
