{
  "pins" : [
    {
      "identity" : "deltagamesios-corecommon",
      "kind" : "remoteSourceControl",
      "location" : "https://github.com/deltarfd/DeltaGamesiOS-CoreCommon.git",
      "state" : {
        "revision" : "21dd7dad64807b35e2d1721c58b82439a1209d0c",
        "version" : "1.0.1"
      }
    }
  ],
  "version" : 2
}
