// !$*UTF8*$!
{
	archiveVersion = 1;
	classes = {
	};
	objectVersion = 51;
	objects = {

/* Begin PBXBuildFile section */
		23C82A64270C3F5000C37928 /* .swiftlint.yml in Resources */ = {isa = PBXBuildFile; fileRef = 23C82A63270C3F5000C37928 /* .swiftlint.yml */; };
		5D2C1DC32744017100930B05 /* TrendingEntity.swift in Sources */ = {isa = PBXBuildFile; fileRef = 5D2C1DC22744017100930B05 /* TrendingEntity.swift */; };
		5D2C1DC62744019000930B05 /* SearchEntity.swift in Sources */ = {isa = PBXBuildFile; fileRef = 5D2C1DC52744019000930B05 /* SearchEntity.swift */; };
		5D2EEC6B2767A1D60090B9AC /* TrendingModel.swift in Sources */ = {isa = PBXBuildFile; fileRef = 5D2EEC6A2767A1D60090B9AC /* TrendingModel.swift */; };
		5D2EEC6E2767A2260090B9AC /* FavoriteEntity.swift in Sources */ = {isa = PBXBuildFile; fileRef = 5D2EEC6D2767A2260090B9AC /* FavoriteEntity.swift */; };
		5D2EEC712767A6440090B9AC /* TrendingResponse.swift in Sources */ = {isa = PBXBuildFile; fileRef = 5D2EEC702767A6440090B9AC /* TrendingResponse.swift */; };
		5D2EEC752767A6930090B9AC /* ResultsTrendingResponse.swift in Sources */ = {isa = PBXBuildFile; fileRef = 5D2EEC742767A6930090B9AC /* ResultsTrendingResponse.swift */; };
		5D36CB0527627C9E000AAB72 /* GameMapper.swift in Sources */ = {isa = PBXBuildFile; fileRef = 5D36CB0427627C9E000AAB72 /* GameMapper.swift */; };
		5D420D8D27086ED60090DEC6 /* ResultsGamesResponse.swift in Sources */ = {isa = PBXBuildFile; fileRef = 5D420D8C27086ED60090DEC6 /* ResultsGamesResponse.swift */; };
		5D420D9027086F860090DEC6 /* GameResponse.swift in Sources */ = {isa = PBXBuildFile; fileRef = 5D420D8F27086F860090DEC6 /* GameResponse.swift */; };
		5D420D93270871540090DEC6 /* GenreResponse.swift in Sources */ = {isa = PBXBuildFile; fileRef = 5D420D92270871540090DEC6 /* GenreResponse.swift */; };
		5D420D96270871AA0090DEC6 /* PlatformResponse.swift in Sources */ = {isa = PBXBuildFile; fileRef = 5D420D95270871AA0090DEC6 /* PlatformResponse.swift */; };
		5D420DA12708B2180090DEC6 /* DetailView.swift in Sources */ = {isa = PBXBuildFile; fileRef = 5D420DA02708B2180090DEC6 /* DetailView.swift */; };
		5D51045B2733991400543052 /* HomeInteractor.swift in Sources */ = {isa = PBXBuildFile; fileRef = 5D51045A2733991400543052 /* HomeInteractor.swift */; };
		5D51045E2733992900543052 /* DetailInteractor.swift in Sources */ = {isa = PBXBuildFile; fileRef = 5D51045D2733992900543052 /* DetailInteractor.swift */; };
		5D5104612733995300543052 /* FavoriteInteractor.swift in Sources */ = {isa = PBXBuildFile; fileRef = 5D5104602733995300543052 /* FavoriteInteractor.swift */; };
		5D5104642733996200543052 /* SearchInteractor.swift in Sources */ = {isa = PBXBuildFile; fileRef = 5D5104632733996200543052 /* SearchInteractor.swift */; };
		5D5310512706E043000D4A8B /* DeltaGamesApp.swift in Sources */ = {isa = PBXBuildFile; fileRef = 5D5310502706E043000D4A8B /* DeltaGamesApp.swift */; };
		5D5310532706E043000D4A8B /* MainView.swift in Sources */ = {isa = PBXBuildFile; fileRef = 5D5310522706E043000D4A8B /* MainView.swift */; };
		5D5310552706E045000D4A8B /* Assets.xcassets in Resources */ = {isa = PBXBuildFile; fileRef = 5D5310542706E045000D4A8B /* Assets.xcassets */; };
		5D5310582706E045000D4A8B /* Preview Assets.xcassets in Resources */ = {isa = PBXBuildFile; fileRef = 5D5310572706E045000D4A8B /* Preview Assets.xcassets */; };
		5D5310672706E5E7000D4A8B /* HomeView.swift in Sources */ = {isa = PBXBuildFile; fileRef = 5D5310662706E5E7000D4A8B /* HomeView.swift */; };
		5D53106A2706E5F5000D4A8B /* ProfileView.swift in Sources */ = {isa = PBXBuildFile; fileRef = 5D5310692706E5F5000D4A8B /* ProfileView.swift */; };
		5D53106D2706E602000D4A8B /* SearchView.swift in Sources */ = {isa = PBXBuildFile; fileRef = 5D53106C2706E602000D4A8B /* SearchView.swift */; };
		5D5C2D032742BBB700CF9F1D /* FavoritePresenter.swift in Sources */ = {isa = PBXBuildFile; fileRef = 5D5C2D022742BBB700CF9F1D /* FavoritePresenter.swift */; };
		5D6B6E8F270C62D00006EE17 /* TagsResponse.swift in Sources */ = {isa = PBXBuildFile; fileRef = 5D6B6E8E270C62D00006EE17 /* TagsResponse.swift */; };
		5D6CD0DD27685C6D004FF0EE /* FavoriteMapper.swift in Sources */ = {isa = PBXBuildFile; fileRef = 5D6CD0DC27685C6D004FF0EE /* FavoriteMapper.swift */; };
		5D6CD0E027686870004FF0EE /* DetailGameEntity.swift in Sources */ = {isa = PBXBuildFile; fileRef = 5D6CD0DF27686870004FF0EE /* DetailGameEntity.swift */; };
		5D892D7A273B2C4200518E55 /* GameModel.swift in Sources */ = {isa = PBXBuildFile; fileRef = 5D892D79273B2C4200518E55 /* GameModel.swift */; };
		5D892D7E273B346500518E55 /* GenreModel.swift in Sources */ = {isa = PBXBuildFile; fileRef = 5D892D7D273B346500518E55 /* GenreModel.swift */; };
		5D892D82273B348A00518E55 /* PlatformModel.swift in Sources */ = {isa = PBXBuildFile; fileRef = 5D892D81273B348A00518E55 /* PlatformModel.swift */; };
		5D892D85273B355700518E55 /* TagsModel.swift in Sources */ = {isa = PBXBuildFile; fileRef = 5D892D84273B355700518E55 /* TagsModel.swift */; };
		5D892D8D273B376C00518E55 /* CustomeError+Ext.swift in Sources */ = {isa = PBXBuildFile; fileRef = 5D892D8C273B376C00518E55 /* CustomeError+Ext.swift */; };
		5D892D92273B388A00518E55 /* APICall.swift in Sources */ = {isa = PBXBuildFile; fileRef = 5D892D91273B388A00518E55 /* APICall.swift */; };
		5D892D95273B5FF900518E55 /* RawgAPI.plist in Resources */ = {isa = PBXBuildFile; fileRef = 5D892D94273B5FF900518E55 /* RawgAPI.plist */; };
		5D892D9A273B6AE000518E55 /* GamesMapper.swift in Sources */ = {isa = PBXBuildFile; fileRef = 5D892D99273B6AE000518E55 /* GamesMapper.swift */; };
		5D892D9E273B752C00518E55 /* GenreMapper.swift in Sources */ = {isa = PBXBuildFile; fileRef = 5D892D9D273B752C00518E55 /* GenreMapper.swift */; };
		5D892DA1273B753F00518E55 /* PlatformMapper.swift in Sources */ = {isa = PBXBuildFile; fileRef = 5D892DA0273B753F00518E55 /* PlatformMapper.swift */; };
		5D892DA4273B755600518E55 /* TagsMapper.swift in Sources */ = {isa = PBXBuildFile; fileRef = 5D892DA3273B755600518E55 /* TagsMapper.swift */; };
		5D8987CB27428F580063BFC5 /* Injection.swift in Sources */ = {isa = PBXBuildFile; fileRef = 5D8987CA27428F580063BFC5 /* Injection.swift */; };
		5D8987D02742B55D0063BFC5 /* HomePresenter.swift in Sources */ = {isa = PBXBuildFile; fileRef = 5D8987CF2742B55D0063BFC5 /* HomePresenter.swift */; };
		5D8987D32742B5B40063BFC5 /* HomeRouter.swift in Sources */ = {isa = PBXBuildFile; fileRef = 5D8987D22742B5B40063BFC5 /* HomeRouter.swift */; };
		5D8987D62742B5E40063BFC5 /* DetailPresenter.swift in Sources */ = {isa = PBXBuildFile; fileRef = 5D8987D52742B5E30063BFC5 /* DetailPresenter.swift */; };
		5DA01951273AA33B00A943A6 /* LocaleDataSource.swift in Sources */ = {isa = PBXBuildFile; fileRef = 5DA01950273AA33B00A943A6 /* LocaleDataSource.swift */; };
		5DA01956273AA7A700A943A6 /* RemoteDataSource.swift in Sources */ = {isa = PBXBuildFile; fileRef = 5DA01955273AA7A700A943A6 /* RemoteDataSource.swift */; };
		5DA01959273AA7FC00A943A6 /* GamesRepository.swift in Sources */ = {isa = PBXBuildFile; fileRef = 5DA01958273AA7FC00A943A6 /* GamesRepository.swift */; };
		5DA73AB5270720C100842E51 /* GameCardView.swift in Sources */ = {isa = PBXBuildFile; fileRef = 5DA73AB4270720C100842E51 /* GameCardView.swift */; };
		5DB186E6270DA30F004BD9CD /* FavoriteView.swift in Sources */ = {isa = PBXBuildFile; fileRef = 5DB186E5270DA30F004BD9CD /* FavoriteView.swift */; };
		5DE8B8B52763C566008ABD4C /* TrendingMapper.swift in Sources */ = {isa = PBXBuildFile; fileRef = 5DE8B8B42763C566008ABD4C /* TrendingMapper.swift */; };
		5DF9698E273A08310017937F /* GameEntity.swift in Sources */ = {isa = PBXBuildFile; fileRef = 5DF9698D273A08310017937F /* GameEntity.swift */; };
		5DFA82FE2742BE0000116885 /* FavoriteRouter.swift in Sources */ = {isa = PBXBuildFile; fileRef = 5DFA82FD2742BE0000116885 /* FavoriteRouter.swift */; };
		5DFA83012742BE2F00116885 /* SearchPresenter.swift in Sources */ = {isa = PBXBuildFile; fileRef = 5DFA83002742BE2F00116885 /* SearchPresenter.swift */; };
		5DFA83042742BE6200116885 /* SearchRouter.swift in Sources */ = {isa = PBXBuildFile; fileRef = 5DFA83032742BE6200116885 /* SearchRouter.swift */; };
		5DFA83082742C3FE00116885 /* ProfilePresenter.swift in Sources */ = {isa = PBXBuildFile; fileRef = 5DFA83072742C3FE00116885 /* ProfilePresenter.swift */; };
		5DFA830B2742C44900116885 /* ProfileInteractor.swift in Sources */ = {isa = PBXBuildFile; fileRef = 5DFA830A2742C44900116885 /* ProfileInteractor.swift */; };
		5DFAA527274BBCD1008B39A0 /* FavoriteModel.swift in Sources */ = {isa = PBXBuildFile; fileRef = 5DFAA526274BBCD1008B39A0 /* FavoriteModel.swift */; };
		5DFAA52A274BBD04008B39A0 /* SearchModel.swift in Sources */ = {isa = PBXBuildFile; fileRef = 5DFAA529274BBD03008B39A0 /* SearchModel.swift */; };
		ABEE3066E86ED0795D58960B /* Pods_DeltaGames.framework in Frameworks */ = {isa = PBXBuildFile; fileRef = B7E280B5C3D17C32F88999EE /* Pods_DeltaGames.framework */; };
/* End PBXBuildFile section */

/* Begin PBXFileReference section */
		23C82A63270C3F5000C37928 /* .swiftlint.yml */ = {isa = PBXFileReference; lastKnownFileType = text.yaml; path = .swiftlint.yml; sourceTree = "<group>"; };
		3130AF5517E06A70B681BEBF /* Pods-DeltaGames.release.xcconfig */ = {isa = PBXFileReference; includeInIndex = 1; lastKnownFileType = text.xcconfig; name = "Pods-DeltaGames.release.xcconfig"; path = "Target Support Files/Pods-DeltaGames/Pods-DeltaGames.release.xcconfig"; sourceTree = "<group>"; };
		32876F621E352E2774A2B5EA /* Pods-DeltaGames.debug.xcconfig */ = {isa = PBXFileReference; includeInIndex = 1; lastKnownFileType = text.xcconfig; name = "Pods-DeltaGames.debug.xcconfig"; path = "Target Support Files/Pods-DeltaGames/Pods-DeltaGames.debug.xcconfig"; sourceTree = "<group>"; };
		5D2C1DC22744017100930B05 /* TrendingEntity.swift */ = {isa = PBXFileReference; lastKnownFileType = sourcecode.swift; path = TrendingEntity.swift; sourceTree = "<group>"; };
		5D2C1DC52744019000930B05 /* SearchEntity.swift */ = {isa = PBXFileReference; lastKnownFileType = sourcecode.swift; path = SearchEntity.swift; sourceTree = "<group>"; };
		5D2EEC6A2767A1D60090B9AC /* TrendingModel.swift */ = {isa = PBXFileReference; lastKnownFileType = sourcecode.swift; path = TrendingModel.swift; sourceTree = "<group>"; };
		5D2EEC6D2767A2260090B9AC /* FavoriteEntity.swift */ = {isa = PBXFileReference; lastKnownFileType = sourcecode.swift; path = FavoriteEntity.swift; sourceTree = "<group>"; };
		5D2EEC702767A6440090B9AC /* TrendingResponse.swift */ = {isa = PBXFileReference; lastKnownFileType = sourcecode.swift; path = TrendingResponse.swift; sourceTree = "<group>"; };
		5D2EEC742767A6930090B9AC /* ResultsTrendingResponse.swift */ = {isa = PBXFileReference; lastKnownFileType = sourcecode.swift; path = ResultsTrendingResponse.swift; sourceTree = "<group>"; };
		5D36CB0427627C9E000AAB72 /* GameMapper.swift */ = {isa = PBXFileReference; lastKnownFileType = sourcecode.swift; path = GameMapper.swift; sourceTree = "<group>"; };
		5D420D8C27086ED60090DEC6 /* ResultsGamesResponse.swift */ = {isa = PBXFileReference; lastKnownFileType = sourcecode.swift; path = ResultsGamesResponse.swift; sourceTree = "<group>"; };
		5D420D8F27086F860090DEC6 /* GameResponse.swift */ = {isa = PBXFileReference; lastKnownFileType = sourcecode.swift; path = GameResponse.swift; sourceTree = "<group>"; };
		5D420D92270871540090DEC6 /* GenreResponse.swift */ = {isa = PBXFileReference; lastKnownFileType = sourcecode.swift; path = GenreResponse.swift; sourceTree = "<group>"; };
		5D420D95270871AA0090DEC6 /* PlatformResponse.swift */ = {isa = PBXFileReference; lastKnownFileType = sourcecode.swift; path = PlatformResponse.swift; sourceTree = "<group>"; };
		5D420DA02708B2180090DEC6 /* DetailView.swift */ = {isa = PBXFileReference; lastKnownFileType = sourcecode.swift; path = DetailView.swift; sourceTree = "<group>"; };
		5D51045A2733991400543052 /* HomeInteractor.swift */ = {isa = PBXFileReference; lastKnownFileType = sourcecode.swift; path = HomeInteractor.swift; sourceTree = "<group>"; };
		5D51045D2733992900543052 /* DetailInteractor.swift */ = {isa = PBXFileReference; lastKnownFileType = sourcecode.swift; path = DetailInteractor.swift; sourceTree = "<group>"; };
		5D5104602733995300543052 /* FavoriteInteractor.swift */ = {isa = PBXFileReference; lastKnownFileType = sourcecode.swift; path = FavoriteInteractor.swift; sourceTree = "<group>"; };
		5D5104632733996200543052 /* SearchInteractor.swift */ = {isa = PBXFileReference; lastKnownFileType = sourcecode.swift; path = SearchInteractor.swift; sourceTree = "<group>"; };
		5D53104D2706E043000D4A8B /* DeltaGames.app */ = {isa = PBXFileReference; explicitFileType = wrapper.application; includeInIndex = 0; path = DeltaGames.app; sourceTree = BUILT_PRODUCTS_DIR; };
		5D5310502706E043000D4A8B /* DeltaGamesApp.swift */ = {isa = PBXFileReference; lastKnownFileType = sourcecode.swift; path = DeltaGamesApp.swift; sourceTree = "<group>"; };
		5D5310522706E043000D4A8B /* MainView.swift */ = {isa = PBXFileReference; lastKnownFileType = sourcecode.swift; path = MainView.swift; sourceTree = "<group>"; };
		5D5310542706E045000D4A8B /* Assets.xcassets */ = {isa = PBXFileReference; lastKnownFileType = folder.assetcatalog; path = Assets.xcassets; sourceTree = "<group>"; };
		5D5310572706E045000D4A8B /* Preview Assets.xcassets */ = {isa = PBXFileReference; lastKnownFileType = folder.assetcatalog; path = "Preview Assets.xcassets"; sourceTree = "<group>"; };
		5D5310592706E045000D4A8B /* Info.plist */ = {isa = PBXFileReference; lastKnownFileType = text.plist.xml; path = Info.plist; sourceTree = "<group>"; };
		5D5310662706E5E7000D4A8B /* HomeView.swift */ = {isa = PBXFileReference; lastKnownFileType = sourcecode.swift; path = HomeView.swift; sourceTree = "<group>"; };
		5D5310692706E5F5000D4A8B /* ProfileView.swift */ = {isa = PBXFileReference; lastKnownFileType = sourcecode.swift; path = ProfileView.swift; sourceTree = "<group>"; };
		5D53106C2706E602000D4A8B /* SearchView.swift */ = {isa = PBXFileReference; lastKnownFileType = sourcecode.swift; path = SearchView.swift; sourceTree = "<group>"; };
		5D5C2D022742BBB700CF9F1D /* FavoritePresenter.swift */ = {isa = PBXFileReference; lastKnownFileType = sourcecode.swift; path = FavoritePresenter.swift; sourceTree = "<group>"; };
		5D6B6E8E270C62D00006EE17 /* TagsResponse.swift */ = {isa = PBXFileReference; lastKnownFileType = sourcecode.swift; path = TagsResponse.swift; sourceTree = "<group>"; };
		5D6CD0DC27685C6D004FF0EE /* FavoriteMapper.swift */ = {isa = PBXFileReference; lastKnownFileType = sourcecode.swift; path = FavoriteMapper.swift; sourceTree = "<group>"; };
		5D6CD0DF27686870004FF0EE /* DetailGameEntity.swift */ = {isa = PBXFileReference; lastKnownFileType = sourcecode.swift; path = DetailGameEntity.swift; sourceTree = "<group>"; };
		5D892D79273B2C4200518E55 /* GameModel.swift */ = {isa = PBXFileReference; lastKnownFileType = sourcecode.swift; path = GameModel.swift; sourceTree = "<group>"; };
		5D892D7D273B346500518E55 /* GenreModel.swift */ = {isa = PBXFileReference; lastKnownFileType = sourcecode.swift; path = GenreModel.swift; sourceTree = "<group>"; };
		5D892D81273B348A00518E55 /* PlatformModel.swift */ = {isa = PBXFileReference; lastKnownFileType = sourcecode.swift; path = PlatformModel.swift; sourceTree = "<group>"; };
		5D892D84273B355700518E55 /* TagsModel.swift */ = {isa = PBXFileReference; lastKnownFileType = sourcecode.swift; path = TagsModel.swift; sourceTree = "<group>"; };
		5D892D8C273B376C00518E55 /* CustomeError+Ext.swift */ = {isa = PBXFileReference; lastKnownFileType = sourcecode.swift; path = "CustomeError+Ext.swift"; sourceTree = "<group>"; };
		5D892D91273B388A00518E55 /* APICall.swift */ = {isa = PBXFileReference; lastKnownFileType = sourcecode.swift; path = APICall.swift; sourceTree = "<group>"; };
		5D892D94273B5FF900518E55 /* RawgAPI.plist */ = {isa = PBXFileReference; lastKnownFileType = text.plist.xml; path = RawgAPI.plist; sourceTree = "<group>"; };
		5D892D99273B6AE000518E55 /* GamesMapper.swift */ = {isa = PBXFileReference; lastKnownFileType = sourcecode.swift; path = GamesMapper.swift; sourceTree = "<group>"; };
		5D892D9D273B752C00518E55 /* GenreMapper.swift */ = {isa = PBXFileReference; lastKnownFileType = sourcecode.swift; path = GenreMapper.swift; sourceTree = "<group>"; };
		5D892DA0273B753F00518E55 /* PlatformMapper.swift */ = {isa = PBXFileReference; lastKnownFileType = sourcecode.swift; path = PlatformMapper.swift; sourceTree = "<group>"; };
		5D892DA3273B755600518E55 /* TagsMapper.swift */ = {isa = PBXFileReference; lastKnownFileType = sourcecode.swift; path = TagsMapper.swift; sourceTree = "<group>"; };
		5D8987CA27428F580063BFC5 /* Injection.swift */ = {isa = PBXFileReference; lastKnownFileType = sourcecode.swift; path = Injection.swift; sourceTree = "<group>"; };
		5D8987CF2742B55D0063BFC5 /* HomePresenter.swift */ = {isa = PBXFileReference; lastKnownFileType = sourcecode.swift; path = HomePresenter.swift; sourceTree = "<group>"; };
		5D8987D22742B5B40063BFC5 /* HomeRouter.swift */ = {isa = PBXFileReference; lastKnownFileType = sourcecode.swift; path = HomeRouter.swift; sourceTree = "<group>"; };
		5D8987D52742B5E30063BFC5 /* DetailPresenter.swift */ = {isa = PBXFileReference; lastKnownFileType = sourcecode.swift; path = DetailPresenter.swift; sourceTree = "<group>"; };
		5DA01950273AA33B00A943A6 /* LocaleDataSource.swift */ = {isa = PBXFileReference; lastKnownFileType = sourcecode.swift; path = LocaleDataSource.swift; sourceTree = "<group>"; };
		5DA01955273AA7A700A943A6 /* RemoteDataSource.swift */ = {isa = PBXFileReference; lastKnownFileType = sourcecode.swift; path = RemoteDataSource.swift; sourceTree = "<group>"; };
		5DA01958273AA7FC00A943A6 /* GamesRepository.swift */ = {isa = PBXFileReference; lastKnownFileType = sourcecode.swift; path = GamesRepository.swift; sourceTree = "<group>"; };
		5DA73AB4270720C100842E51 /* GameCardView.swift */ = {isa = PBXFileReference; lastKnownFileType = sourcecode.swift; path = GameCardView.swift; sourceTree = "<group>"; };
		5DB186E5270DA30F004BD9CD /* FavoriteView.swift */ = {isa = PBXFileReference; lastKnownFileType = sourcecode.swift; path = FavoriteView.swift; sourceTree = "<group>"; };
		5DE8B8B42763C566008ABD4C /* TrendingMapper.swift */ = {isa = PBXFileReference; lastKnownFileType = sourcecode.swift; path = TrendingMapper.swift; sourceTree = "<group>"; };
		5DF9698D273A08310017937F /* GameEntity.swift */ = {isa = PBXFileReference; lastKnownFileType = sourcecode.swift; path = GameEntity.swift; sourceTree = "<group>"; };
		5DFA82FD2742BE0000116885 /* FavoriteRouter.swift */ = {isa = PBXFileReference; lastKnownFileType = sourcecode.swift; path = FavoriteRouter.swift; sourceTree = "<group>"; };
		5DFA83002742BE2F00116885 /* SearchPresenter.swift */ = {isa = PBXFileReference; lastKnownFileType = sourcecode.swift; path = SearchPresenter.swift; sourceTree = "<group>"; };
		5DFA83032742BE6200116885 /* SearchRouter.swift */ = {isa = PBXFileReference; lastKnownFileType = sourcecode.swift; path = SearchRouter.swift; sourceTree = "<group>"; };
		5DFA83072742C3FE00116885 /* ProfilePresenter.swift */ = {isa = PBXFileReference; lastKnownFileType = sourcecode.swift; path = ProfilePresenter.swift; sourceTree = "<group>"; };
		5DFA830A2742C44900116885 /* ProfileInteractor.swift */ = {isa = PBXFileReference; lastKnownFileType = sourcecode.swift; path = ProfileInteractor.swift; sourceTree = "<group>"; };
		5DFAA526274BBCD1008B39A0 /* FavoriteModel.swift */ = {isa = PBXFileReference; lastKnownFileType = sourcecode.swift; path = FavoriteModel.swift; sourceTree = "<group>"; };
		5DFAA529274BBD03008B39A0 /* SearchModel.swift */ = {isa = PBXFileReference; lastKnownFileType = sourcecode.swift; path = SearchModel.swift; sourceTree = "<group>"; };
		B7E280B5C3D17C32F88999EE /* Pods_DeltaGames.framework */ = {isa = PBXFileReference; explicitFileType = wrapper.framework; includeInIndex = 0; path = Pods_DeltaGames.framework; sourceTree = BUILT_PRODUCTS_DIR; };
/* End PBXFileReference section */

/* Begin PBXFrameworksBuildPhase section */
		5D53104A2706E043000D4A8B /* Frameworks */ = {
			isa = PBXFrameworksBuildPhase;
			buildActionMask = 2147483647;
			files = (
				ABEE3066E86ED0795D58960B /* Pods_DeltaGames.framework in Frameworks */,
			);
			runOnlyForDeploymentPostprocessing = 0;
		};
/* End PBXFrameworksBuildPhase section */

/* Begin PBXGroup section */
		5D510451273388DC00543052 /* Core */ = {
			isa = PBXGroup;
			children = (
				5D510452273388F400543052 /* Data */,
				5D510453273388FA00543052 /* DI */,
				5D5104542733890D00543052 /* Domain */,
				5D892D88273B36E800518E55 /* Utils */,
			);
			path = Core;
			sourceTree = "<group>";
		};
		5D510452273388F400543052 /* Data */ = {
			isa = PBXGroup;
			children = (
				5D5104552733894600543052 /* Locale */,
				5D5104562733894D00543052 /* Remote */,
				5DA01958273AA7FC00A943A6 /* GamesRepository.swift */,
			);
			path = Data;
			sourceTree = "<group>";
		};
		5D510453273388FA00543052 /* DI */ = {
			isa = PBXGroup;
			children = (
				5D8987CA27428F580063BFC5 /* Injection.swift */,
			);
			path = DI;
			sourceTree = "<group>";
		};
		5D5104542733890D00543052 /* Domain */ = {
			isa = PBXGroup;
			children = (
				5D5104582733897100543052 /* Model */,
				5D5104572733896400543052 /* UseCase */,
			);
			path = Domain;
			sourceTree = "<group>";
		};
		5D5104552733894600543052 /* Locale */ = {
			isa = PBXGroup;
			children = (
				5DA0194F273AA31D00A943A6 /* Entity */,
				5DA01950273AA33B00A943A6 /* LocaleDataSource.swift */,
			);
			path = Locale;
			sourceTree = "<group>";
		};
		5D5104562733894D00543052 /* Remote */ = {
			isa = PBXGroup;
			children = (
				5D510459273397DF00543052 /* Response */,
				5DA01955273AA7A700A943A6 /* RemoteDataSource.swift */,
			);
			path = Remote;
			sourceTree = "<group>";
		};
		5D5104572733896400543052 /* UseCase */ = {
			isa = PBXGroup;
			children = (
				5D51045A2733991400543052 /* HomeInteractor.swift */,
				5D51045D2733992900543052 /* DetailInteractor.swift */,
				5D5104602733995300543052 /* FavoriteInteractor.swift */,
				5D5104632733996200543052 /* SearchInteractor.swift */,
				5DFA830A2742C44900116885 /* ProfileInteractor.swift */,
			);
			path = UseCase;
			sourceTree = "<group>";
		};
		5D5104582733897100543052 /* Model */ = {
			isa = PBXGroup;
			children = (
				5D892D79273B2C4200518E55 /* GameModel.swift */,
				5D892D7D273B346500518E55 /* GenreModel.swift */,
				5D892D81273B348A00518E55 /* PlatformModel.swift */,
				5D892D84273B355700518E55 /* TagsModel.swift */,
				5DFAA526274BBCD1008B39A0 /* FavoriteModel.swift */,
				5DFAA529274BBD03008B39A0 /* SearchModel.swift */,
				5D2EEC6A2767A1D60090B9AC /* TrendingModel.swift */,
			);
			path = Model;
			sourceTree = "<group>";
		};
		5D510459273397DF00543052 /* Response */ = {
			isa = PBXGroup;
			children = (
				5D420D8F27086F860090DEC6 /* GameResponse.swift */,
				5D420D92270871540090DEC6 /* GenreResponse.swift */,
				5D420D95270871AA0090DEC6 /* PlatformResponse.swift */,
				5D420D8C27086ED60090DEC6 /* ResultsGamesResponse.swift */,
				5D6B6E8E270C62D00006EE17 /* TagsResponse.swift */,
				5D2EEC702767A6440090B9AC /* TrendingResponse.swift */,
				5D2EEC742767A6930090B9AC /* ResultsTrendingResponse.swift */,
			);
			path = Response;
			sourceTree = "<group>";
		};
		5D5310442706E043000D4A8B = {
			isa = PBXGroup;
			children = (
				23C82A63270C3F5000C37928 /* .swiftlint.yml */,
				5D53104F2706E043000D4A8B /* DeltaGames */,
				5D53104E2706E043000D4A8B /* Products */,
				E37447E1FA85144A215DA7DE /* Pods */,
				D30C771FBCCFF2475449CB94 /* Frameworks */,
			);
			sourceTree = "<group>";
		};
		5D53104E2706E043000D4A8B /* Products */ = {
			isa = PBXGroup;
			children = (
				5D53104D2706E043000D4A8B /* DeltaGames.app */,
			);
			name = Products;
			sourceTree = "<group>";
		};
		5D53104F2706E043000D4A8B /* DeltaGames */ = {
			isa = PBXGroup;
			children = (
				5D5310612706E444000D4A8B /* App */,
				5D510451273388DC00543052 /* Core */,
				5D8987B727428B6E0063BFC5 /* Module */,
				5D5310622706E45A000D4A8B /* Resources */,
			);
			path = DeltaGames;
			sourceTree = "<group>";
		};
		5D5310562706E045000D4A8B /* Preview Content */ = {
			isa = PBXGroup;
			children = (
				5D5310572706E045000D4A8B /* Preview Assets.xcassets */,
			);
			path = "Preview Content";
			sourceTree = "<group>";
		};
		5D5310612706E444000D4A8B /* App */ = {
			isa = PBXGroup;
			children = (
				5D5310522706E043000D4A8B /* MainView.swift */,
				5D5310502706E043000D4A8B /* DeltaGamesApp.swift */,
			);
			path = App;
			sourceTree = "<group>";
		};
		5D5310622706E45A000D4A8B /* Resources */ = {
			isa = PBXGroup;
			children = (
				5D5310562706E045000D4A8B /* Preview Content */,
				5D5310542706E045000D4A8B /* Assets.xcassets */,
				5D5310592706E045000D4A8B /* Info.plist */,
				5D892D94273B5FF900518E55 /* RawgAPI.plist */,
			);
			path = Resources;
			sourceTree = "<group>";
		};
		5D6CD0D927685160004FF0EE /* View */ = {
			isa = PBXGroup;
			children = (
				5DA73AB4270720C100842E51 /* GameCardView.swift */,
			);
			path = View;
			sourceTree = "<group>";
		};
		5D892D88273B36E800518E55 /* Utils */ = {
			isa = PBXGroup;
			children = (
				5D6CD0D927685160004FF0EE /* View */,
				5D892D98273B6AD300518E55 /* Mapper */,
				5D892D90273B387800518E55 /* Network */,
				5D892D89273B36FF00518E55 /* Extensions */,
			);
			path = Utils;
			sourceTree = "<group>";
		};
		5D892D89273B36FF00518E55 /* Extensions */ = {
			isa = PBXGroup;
			children = (
				5D892D8C273B376C00518E55 /* CustomeError+Ext.swift */,
			);
			path = Extensions;
			sourceTree = "<group>";
		};
		5D892D90273B387800518E55 /* Network */ = {
			isa = PBXGroup;
			children = (
				5D892D91273B388A00518E55 /* APICall.swift */,
			);
			path = Network;
			sourceTree = "<group>";
		};
		5D892D98273B6AD300518E55 /* Mapper */ = {
			isa = PBXGroup;
			children = (
				5D36CB0427627C9E000AAB72 /* GameMapper.swift */,
				5D892D99273B6AE000518E55 /* GamesMapper.swift */,
				5D892D9D273B752C00518E55 /* GenreMapper.swift */,
				5D892DA0273B753F00518E55 /* PlatformMapper.swift */,
				5D892DA3273B755600518E55 /* TagsMapper.swift */,
				5DE8B8B42763C566008ABD4C /* TrendingMapper.swift */,
				5D6CD0DC27685C6D004FF0EE /* FavoriteMapper.swift */,
			);
			path = Mapper;
			sourceTree = "<group>";
		};
		5D8987B727428B6E0063BFC5 /* Module */ = {
			isa = PBXGroup;
			children = (
				5D8987BC27428BAC0063BFC5 /* Detail */,
				5D8987BB27428BA10063BFC5 /* Favorite */,
				5D8987B827428B840063BFC5 /* Home */,
				5D8987B927428B880063BFC5 /* Profile */,
				5D8987BA27428B8F0063BFC5 /* Search */,
			);
			path = Module;
			sourceTree = "<group>";
		};
		5D8987B827428B840063BFC5 /* Home */ = {
			isa = PBXGroup;
			children = (
				5D8987C727428C230063BFC5 /* Router */,
				5D8987BE27428BC70063BFC5 /* View */,
				5D8987BD27428BC00063BFC5 /* Presenter */,
			);
			path = Home;
			sourceTree = "<group>";
		};
		5D8987B927428B880063BFC5 /* Profile */ = {
			isa = PBXGroup;
			children = (
				5D8987C027428BCC0063BFC5 /* View */,
				5D8987BF27428BCB0063BFC5 /* Presenter */,
			);
			path = Profile;
			sourceTree = "<group>";
		};
		5D8987BA27428B8F0063BFC5 /* Search */ = {
			isa = PBXGroup;
			children = (
				5D8987C827428C2A0063BFC5 /* Router */,
				5D8987C127428BCE0063BFC5 /* View */,
				5D8987C227428BCF0063BFC5 /* Presenter */,
			);
			path = Search;
			sourceTree = "<group>";
		};
		5D8987BB27428BA10063BFC5 /* Favorite */ = {
			isa = PBXGroup;
			children = (
				5D8987C927428C320063BFC5 /* Router */,
				5D8987C427428BD10063BFC5 /* View */,
				5D8987C327428BD10063BFC5 /* Presenter */,
			);
			path = Favorite;
			sourceTree = "<group>";
		};
		5D8987BC27428BAC0063BFC5 /* Detail */ = {
			isa = PBXGroup;
			children = (
				5D8987C527428BD40063BFC5 /* View */,
				5D8987C627428BD40063BFC5 /* Presenter */,
			);
			path = Detail;
			sourceTree = "<group>";
		};
		5D8987BD27428BC00063BFC5 /* Presenter */ = {
			isa = PBXGroup;
			children = (
				5D8987CF2742B55D0063BFC5 /* HomePresenter.swift */,
			);
			path = Presenter;
			sourceTree = "<group>";
		};
		5D8987BE27428BC70063BFC5 /* View */ = {
			isa = PBXGroup;
			children = (
				5D5310662706E5E7000D4A8B /* HomeView.swift */,
			);
			path = View;
			sourceTree = "<group>";
		};
		5D8987BF27428BCB0063BFC5 /* Presenter */ = {
			isa = PBXGroup;
			children = (
				5DFA83072742C3FE00116885 /* ProfilePresenter.swift */,
			);
			path = Presenter;
			sourceTree = "<group>";
		};
		5D8987C027428BCC0063BFC5 /* View */ = {
			isa = PBXGroup;
			children = (
				5D5310692706E5F5000D4A8B /* ProfileView.swift */,
			);
			path = View;
			sourceTree = "<group>";
		};
		5D8987C127428BCE0063BFC5 /* View */ = {
			isa = PBXGroup;
			children = (
				5D53106C2706E602000D4A8B /* SearchView.swift */,
			);
			path = View;
			sourceTree = "<group>";
		};
		5D8987C227428BCF0063BFC5 /* Presenter */ = {
			isa = PBXGroup;
			children = (
				5DFA83002742BE2F00116885 /* SearchPresenter.swift */,
			);
			path = Presenter;
			sourceTree = "<group>";
		};
		5D8987C327428BD10063BFC5 /* Presenter */ = {
			isa = PBXGroup;
			children = (
				5D5C2D022742BBB700CF9F1D /* FavoritePresenter.swift */,
			);
			path = Presenter;
			sourceTree = "<group>";
		};
		5D8987C427428BD10063BFC5 /* View */ = {
			isa = PBXGroup;
			children = (
				5DB186E5270DA30F004BD9CD /* FavoriteView.swift */,
			);
			path = View;
			sourceTree = "<group>";
		};
		5D8987C527428BD40063BFC5 /* View */ = {
			isa = PBXGroup;
			children = (
				5D420DA02708B2180090DEC6 /* DetailView.swift */,
			);
			path = View;
			sourceTree = "<group>";
		};
		5D8987C627428BD40063BFC5 /* Presenter */ = {
			isa = PBXGroup;
			children = (
				5D8987D52742B5E30063BFC5 /* DetailPresenter.swift */,
			);
			path = Presenter;
			sourceTree = "<group>";
		};
		5D8987C727428C230063BFC5 /* Router */ = {
			isa = PBXGroup;
			children = (
				5D8987D22742B5B40063BFC5 /* HomeRouter.swift */,
			);
			path = Router;
			sourceTree = "<group>";
		};
		5D8987C827428C2A0063BFC5 /* Router */ = {
			isa = PBXGroup;
			children = (
				5DFA83032742BE6200116885 /* SearchRouter.swift */,
			);
			path = Router;
			sourceTree = "<group>";
		};
		5D8987C927428C320063BFC5 /* Router */ = {
			isa = PBXGroup;
			children = (
				5DFA82FD2742BE0000116885 /* FavoriteRouter.swift */,
			);
			path = Router;
			sourceTree = "<group>";
		};
		5DA0194F273AA31D00A943A6 /* Entity */ = {
			isa = PBXGroup;
			children = (
				5DF9698D273A08310017937F /* GameEntity.swift */,
				5D2C1DC22744017100930B05 /* TrendingEntity.swift */,
				5D2C1DC52744019000930B05 /* SearchEntity.swift */,
				5D2EEC6D2767A2260090B9AC /* FavoriteEntity.swift */,
				5D6CD0DF27686870004FF0EE /* DetailGameEntity.swift */,
			);
			path = Entity;
			sourceTree = "<group>";
		};
		D30C771FBCCFF2475449CB94 /* Frameworks */ = {
			isa = PBXGroup;
			children = (
				B7E280B5C3D17C32F88999EE /* Pods_DeltaGames.framework */,
			);
			name = Frameworks;
			sourceTree = "<group>";
		};
		E37447E1FA85144A215DA7DE /* Pods */ = {
			isa = PBXGroup;
			children = (
				32876F621E352E2774A2B5EA /* Pods-DeltaGames.debug.xcconfig */,
				3130AF5517E06A70B681BEBF /* Pods-DeltaGames.release.xcconfig */,
			);
			path = Pods;
			sourceTree = "<group>";
		};
/* End PBXGroup section */

/* Begin PBXNativeTarget section */
		5D53104C2706E043000D4A8B /* DeltaGames */ = {
			isa = PBXNativeTarget;
			buildConfigurationList = 5D53105C2706E045000D4A8B /* Build configuration list for PBXNativeTarget "DeltaGames" */;
			buildPhases = (
				C5589EA808B4121F8C7FBDA3 /* [CP] Check Pods Manifest.lock */,
				5D5310492706E043000D4A8B /* Sources */,
				5D53104A2706E043000D4A8B /* Frameworks */,
				5D53104B2706E043000D4A8B /* Resources */,
				5D420D83270854020090DEC6 /* ShellScript */,
				D7869FC1B35C93BC88160A81 /* [CP] Embed Pods Frameworks */,
				5D892D97273B619100518E55 /* ShellScript */,
			);
			buildRules = (
			);
			dependencies = (
			);
			name = DeltaGames;
			productName = DeltaGames;
			productReference = 5D53104D2706E043000D4A8B /* DeltaGames.app */;
			productType = "com.apple.product-type.application";
		};
/* End PBXNativeTarget section */

/* Begin PBXProject section */
		5D5310452706E043000D4A8B /* Project object */ = {
			isa = PBXProject;
			attributes = {
				LastSwiftUpdateCheck = 1240;
				LastUpgradeCheck = 1240;
				TargetAttributes = {
					5D53104C2706E043000D4A8B = {
						CreatedOnToolsVersion = 12.4;
					};
				};
			};
			buildConfigurationList = 5D5310482706E043000D4A8B /* Build configuration list for PBXProject "DeltaGames" */;
			compatibilityVersion = "Xcode 9.3";
			developmentRegion = en;
			hasScannedForEncodings = 0;
			knownRegions = (
				en,
				Base,
			);
			mainGroup = 5D5310442706E043000D4A8B;
			productRefGroup = 5D53104E2706E043000D4A8B /* Products */;
			projectDirPath = "";
			projectRoot = "";
			targets = (
				5D53104C2706E043000D4A8B /* DeltaGames */,
			);
		};
/* End PBXProject section */

/* Begin PBXResourcesBuildPhase section */
		5D53104B2706E043000D4A8B /* Resources */ = {
			isa = PBXResourcesBuildPhase;
			buildActionMask = 2147483647;
			files = (
				23C82A64270C3F5000C37928 /* .swiftlint.yml in Resources */,
				5D5310582706E045000D4A8B /* Preview Assets.xcassets in Resources */,
				5D892D95273B5FF900518E55 /* RawgAPI.plist in Resources */,
				5D5310552706E045000D4A8B /* Assets.xcassets in Resources */,
			);
			runOnlyForDeploymentPostprocessing = 0;
		};
/* End PBXResourcesBuildPhase section */

/* Begin PBXShellScriptBuildPhase section */
		5D420D83270854020090DEC6 /* ShellScript */ = {
			isa = PBXShellScriptBuildPhase;
			buildActionMask = 2147483647;
			files = (
			);
			inputFileListPaths = (
			);
			inputPaths = (
			);
			outputFileListPaths = (
			);
			outputPaths = (
			);
			runOnlyForDeploymentPostprocessing = 0;
			shellPath = /bin/sh;
			shellScript = "\"${PODS_ROOT}/SwiftLint/swiftlint\"\n";
		};
		5D892D97273B619100518E55 /* ShellScript */ = {
			isa = PBXShellScriptBuildPhase;
			buildActionMask = 2147483647;
			files = (
			);
			inputFileListPaths = (
			);
			inputPaths = (
			);
			outputFileListPaths = (
			);
			outputPaths = (
			);
			runOnlyForDeploymentPostprocessing = 0;
			shellPath = /bin/sh;
			shellScript = "# Type a script or drag a script file from your workspace to insert its path.\n\nCONFIG_FILE_BASE_NAME=\"RawgAPI\"\n\nCONFIG_FILE_NAME=${CONFIG_FILE_BASE_NAME}.plist\nSAMPLE_CONFIG_FILE_NAME=${CONFIG_FILE_BASE_NAME}-Sample.plist\n\nCONFIG_FILE_PATH=$SRCROOT/$PRODUCT_NAME/Resources/$CONFIG_FILE_NAME\nSAMPLE_CONFIG_FILE_PATH=$SRCROOT/$PRODUCT_NAME/Resources/$SAMPLE_CONFIG_FILE_NAME\n\nif [ -f \"$CONFIG_FILE_PATH\" ]; then\n  echo \"$CONFIG_FILE_PATH exists.\"\nelse\n  echo \"$CONFIG_FILE_PATH does not exist, copying sample\"\n  cp -v \"${SAMPLE_CONFIG_FILE_PATH}\" \"${CONFIG_FILE_PATH}\"\nfi\n";
		};
		C5589EA808B4121F8C7FBDA3 /* [CP] Check Pods Manifest.lock */ = {
			isa = PBXShellScriptBuildPhase;
			buildActionMask = 2147483647;
			files = (
			);
			inputFileListPaths = (
			);
			inputPaths = (
				"${PODS_PODFILE_DIR_PATH}/Podfile.lock",
				"${PODS_ROOT}/Manifest.lock",
			);
			name = "[CP] Check Pods Manifest.lock";
			outputFileListPaths = (
			);
			outputPaths = (
				"$(DERIVED_FILE_DIR)/Pods-DeltaGames-checkManifestLockResult.txt",
			);
			runOnlyForDeploymentPostprocessing = 0;
			shellPath = /bin/sh;
			shellScript = "diff \"${PODS_PODFILE_DIR_PATH}/Podfile.lock\" \"${PODS_ROOT}/Manifest.lock\" > /dev/null\nif [ $? != 0 ] ; then\n    # print error to STDERR\n    echo \"error: The sandbox is not in sync with the Podfile.lock. Run 'pod install' or update your CocoaPods installation.\" >&2\n    exit 1\nfi\n# This output is used by Xcode 'outputs' to avoid re-running this script phase.\necho \"SUCCESS\" > \"${SCRIPT_OUTPUT_FILE_0}\"\n";
			showEnvVarsInLog = 0;
		};
		D7869FC1B35C93BC88160A81 /* [CP] Embed Pods Frameworks */ = {
			isa = PBXShellScriptBuildPhase;
			buildActionMask = 2147483647;
			files = (
			);
			inputFileListPaths = (
				"${PODS_ROOT}/Target Support Files/Pods-DeltaGames/Pods-DeltaGames-frameworks-${CONFIGURATION}-input-files.xcfilelist",
			);
			name = "[CP] Embed Pods Frameworks";
			outputFileListPaths = (
				"${PODS_ROOT}/Target Support Files/Pods-DeltaGames/Pods-DeltaGames-frameworks-${CONFIGURATION}-output-files.xcfilelist",
			);
			runOnlyForDeploymentPostprocessing = 0;
			shellPath = /bin/sh;
			shellScript = "\"${PODS_ROOT}/Target Support Files/Pods-DeltaGames/Pods-DeltaGames-frameworks.sh\"\n";
			showEnvVarsInLog = 0;
		};
/* End PBXShellScriptBuildPhase section */

/* Begin PBXSourcesBuildPhase section */
		5D5310492706E043000D4A8B /* Sources */ = {
			isa = PBXSourcesBuildPhase;
			buildActionMask = 2147483647;
			files = (
				5D5104612733995300543052 /* FavoriteInteractor.swift in Sources */,
				5DFA83042742BE6200116885 /* SearchRouter.swift in Sources */,
				5D51045E2733992900543052 /* DetailInteractor.swift in Sources */,
				5D420D96270871AA0090DEC6 /* PlatformResponse.swift in Sources */,
				5DF9698E273A08310017937F /* GameEntity.swift in Sources */,
				5D2C1DC62744019000930B05 /* SearchEntity.swift in Sources */,
				5DB186E6270DA30F004BD9CD /* FavoriteView.swift in Sources */,
				5D892D7E273B346500518E55 /* GenreModel.swift in Sources */,
				5D420D93270871540090DEC6 /* GenreResponse.swift in Sources */,
				5D2EEC6E2767A2260090B9AC /* FavoriteEntity.swift in Sources */,
				5D892D9E273B752C00518E55 /* GenreMapper.swift in Sources */,
				5D2EEC6B2767A1D60090B9AC /* TrendingModel.swift in Sources */,
				5D6CD0DD27685C6D004FF0EE /* FavoriteMapper.swift in Sources */,
				5D6CD0E027686870004FF0EE /* DetailGameEntity.swift in Sources */,
				5D6B6E8F270C62D00006EE17 /* TagsResponse.swift in Sources */,
				5DA01959273AA7FC00A943A6 /* GamesRepository.swift in Sources */,
				5D892D8D273B376C00518E55 /* CustomeError+Ext.swift in Sources */,
				5DFA83012742BE2F00116885 /* SearchPresenter.swift in Sources */,
				5D53106D2706E602000D4A8B /* SearchView.swift in Sources */,
				5D51045B2733991400543052 /* HomeInteractor.swift in Sources */,
				5DFA83082742C3FE00116885 /* ProfilePresenter.swift in Sources */,
				5DE8B8B52763C566008ABD4C /* TrendingMapper.swift in Sources */,
				5DFA830B2742C44900116885 /* ProfileInteractor.swift in Sources */,
				5DFAA527274BBCD1008B39A0 /* FavoriteModel.swift in Sources */,
				5D53106A2706E5F5000D4A8B /* ProfileView.swift in Sources */,
				5D892D7A273B2C4200518E55 /* GameModel.swift in Sources */,
				5D420DA12708B2180090DEC6 /* DetailView.swift in Sources */,
				5DA01956273AA7A700A943A6 /* RemoteDataSource.swift in Sources */,
				5DFAA52A274BBD04008B39A0 /* SearchModel.swift in Sources */,
				5D8987D32742B5B40063BFC5 /* HomeRouter.swift in Sources */,
				5D5C2D032742BBB700CF9F1D /* FavoritePresenter.swift in Sources */,
				5D5310672706E5E7000D4A8B /* HomeView.swift in Sources */,
				5D892D82273B348A00518E55 /* PlatformModel.swift in Sources */,
				5D420D8D27086ED60090DEC6 /* ResultsGamesResponse.swift in Sources */,
				5D2EEC752767A6930090B9AC /* ResultsTrendingResponse.swift in Sources */,
				5DFA82FE2742BE0000116885 /* FavoriteRouter.swift in Sources */,
				5D2EEC712767A6440090B9AC /* TrendingResponse.swift in Sources */,
				5D8987CB27428F580063BFC5 /* Injection.swift in Sources */,
				5D5310532706E043000D4A8B /* MainView.swift in Sources */,
				5D5104642733996200543052 /* SearchInteractor.swift in Sources */,
				5DA73AB5270720C100842E51 /* GameCardView.swift in Sources */,
				5D5310512706E043000D4A8B /* DeltaGamesApp.swift in Sources */,
				5D892D85273B355700518E55 /* TagsModel.swift in Sources */,
				5D892D92273B388A00518E55 /* APICall.swift in Sources */,
				5D892D9A273B6AE000518E55 /* GamesMapper.swift in Sources */,
				5D2C1DC32744017100930B05 /* TrendingEntity.swift in Sources */,
				5DA01951273AA33B00A943A6 /* LocaleDataSource.swift in Sources */,
				5D8987D62742B5E40063BFC5 /* DetailPresenter.swift in Sources */,
				5D892DA1273B753F00518E55 /* PlatformMapper.swift in Sources */,
				5D36CB0527627C9E000AAB72 /* GameMapper.swift in Sources */,
				5D8987D02742B55D0063BFC5 /* HomePresenter.swift in Sources */,
				5D420D9027086F860090DEC6 /* GameResponse.swift in Sources */,
				5D892DA4273B755600518E55 /* TagsMapper.swift in Sources */,
			);
			runOnlyForDeploymentPostprocessing = 0;
		};
/* End PBXSourcesBuildPhase section */

/* Begin XCBuildConfiguration section */
		5D53105A2706E045000D4A8B /* Debug */ = {
			isa = XCBuildConfiguration;
			buildSettings = {
				ALWAYS_SEARCH_USER_PATHS = NO;
				CLANG_ANALYZER_NONNULL = YES;
				CLANG_ANALYZER_NUMBER_OBJECT_CONVERSION = YES_AGGRESSIVE;
				CLANG_CXX_LANGUAGE_STANDARD = "gnu++14";
				CLANG_CXX_LIBRARY = "libc++";
				CLANG_ENABLE_MODULES = YES;
				CLANG_ENABLE_OBJC_ARC = YES;
				CLANG_ENABLE_OBJC_WEAK = YES;
				CLANG_WARN_BLOCK_CAPTURE_AUTORELEASING = YES;
				CLANG_WARN_BOOL_CONVERSION = YES;
				CLANG_WARN_COMMA = YES;
				CLANG_WARN_CONSTANT_CONVERSION = YES;
				CLANG_WARN_DEPRECATED_OBJC_IMPLEMENTATIONS = YES;
				CLANG_WARN_DIRECT_OBJC_ISA_USAGE = YES_ERROR;
				CLANG_WARN_DOCUMENTATION_COMMENTS = YES;
				CLANG_WARN_EMPTY_BODY = YES;
				CLANG_WARN_ENUM_CONVERSION = YES;
				CLANG_WARN_INFINITE_RECURSION = YES;
				CLANG_WARN_INT_CONVERSION = YES;
				CLANG_WARN_NON_LITERAL_NULL_CONVERSION = YES;
				CLANG_WARN_OBJC_IMPLICIT_RETAIN_SELF = YES;
				CLANG_WARN_OBJC_LITERAL_CONVERSION = YES;
				CLANG_WARN_OBJC_ROOT_CLASS = YES_ERROR;
				CLANG_WARN_QUOTED_INCLUDE_IN_FRAMEWORK_HEADER = YES;
				CLANG_WARN_RANGE_LOOP_ANALYSIS = YES;
				CLANG_WARN_STRICT_PROTOTYPES = YES;
				CLANG_WARN_SUSPICIOUS_MOVE = YES;
				CLANG_WARN_UNGUARDED_AVAILABILITY = YES_AGGRESSIVE;
				CLANG_WARN_UNREACHABLE_CODE = YES;
				CLANG_WARN__DUPLICATE_METHOD_MATCH = YES;
				COPY_PHASE_STRIP = NO;
				DEBUG_INFORMATION_FORMAT = dwarf;
				ENABLE_STRICT_OBJC_MSGSEND = YES;
				ENABLE_TESTABILITY = YES;
				GCC_C_LANGUAGE_STANDARD = gnu11;
				GCC_DYNAMIC_NO_PIC = NO;
				GCC_NO_COMMON_BLOCKS = YES;
				GCC_OPTIMIZATION_LEVEL = 0;
				GCC_PREPROCESSOR_DEFINITIONS = (
					"DEBUG=1",
					"$(inherited)",
				);
				GCC_WARN_64_TO_32_BIT_CONVERSION = YES;
				GCC_WARN_ABOUT_RETURN_TYPE = YES_ERROR;
				GCC_WARN_UNDECLARED_SELECTOR = YES;
				GCC_WARN_UNINITIALIZED_AUTOS = YES_AGGRESSIVE;
				GCC_WARN_UNUSED_FUNCTION = YES;
				GCC_WARN_UNUSED_VARIABLE = YES;
				IPHONEOS_DEPLOYMENT_TARGET = 14.4;
				MTL_ENABLE_DEBUG_INFO = INCLUDE_SOURCE;
				MTL_FAST_MATH = YES;
				ONLY_ACTIVE_ARCH = YES;
				SDKROOT = iphoneos;
				SWIFT_ACTIVE_COMPILATION_CONDITIONS = DEBUG;
				SWIFT_OPTIMIZATION_LEVEL = "-Onone";
			};
			name = Debug;
		};
		5D53105B2706E045000D4A8B /* Release */ = {
			isa = XCBuildConfiguration;
			buildSettings = {
				ALWAYS_SEARCH_USER_PATHS = NO;
				CLANG_ANALYZER_NONNULL = YES;
				CLANG_ANALYZER_NUMBER_OBJECT_CONVERSION = YES_AGGRESSIVE;
				CLANG_CXX_LANGUAGE_STANDARD = "gnu++14";
				CLANG_CXX_LIBRARY = "libc++";
				CLANG_ENABLE_MODULES = YES;
				CLANG_ENABLE_OBJC_ARC = YES;
				CLANG_ENABLE_OBJC_WEAK = YES;
				CLANG_WARN_BLOCK_CAPTURE_AUTORELEASING = YES;
				CLANG_WARN_BOOL_CONVERSION = YES;
				CLANG_WARN_COMMA = YES;
				CLANG_WARN_CONSTANT_CONVERSION = YES;
				CLANG_WARN_DEPRECATED_OBJC_IMPLEMENTATIONS = YES;
				CLANG_WARN_DIRECT_OBJC_ISA_USAGE = YES_ERROR;
				CLANG_WARN_DOCUMENTATION_COMMENTS = YES;
				CLANG_WARN_EMPTY_BODY = YES;
				CLANG_WARN_ENUM_CONVERSION = YES;
				CLANG_WARN_INFINITE_RECURSION = YES;
				CLANG_WARN_INT_CONVERSION = YES;
				CLANG_WARN_NON_LITERAL_NULL_CONVERSION = YES;
				CLANG_WARN_OBJC_IMPLICIT_RETAIN_SELF = YES;
				CLANG_WARN_OBJC_LITERAL_CONVERSION = YES;
				CLANG_WARN_OBJC_ROOT_CLASS = YES_ERROR;
				CLANG_WARN_QUOTED_INCLUDE_IN_FRAMEWORK_HEADER = YES;
				CLANG_WARN_RANGE_LOOP_ANALYSIS = YES;
				CLANG_WARN_STRICT_PROTOTYPES = YES;
				CLANG_WARN_SUSPICIOUS_MOVE = YES;
				CLANG_WARN_UNGUARDED_AVAILABILITY = YES_AGGRESSIVE;
				CLANG_WARN_UNREACHABLE_CODE = YES;
				CLANG_WARN__DUPLICATE_METHOD_MATCH = YES;
				COPY_PHASE_STRIP = NO;
				DEBUG_INFORMATION_FORMAT = "dwarf-with-dsym";
				ENABLE_NS_ASSERTIONS = NO;
				ENABLE_STRICT_OBJC_MSGSEND = YES;
				GCC_C_LANGUAGE_STANDARD = gnu11;
				GCC_NO_COMMON_BLOCKS = YES;
				GCC_WARN_64_TO_32_BIT_CONVERSION = YES;
				GCC_WARN_ABOUT_RETURN_TYPE = YES_ERROR;
				GCC_WARN_UNDECLARED_SELECTOR = YES;
				GCC_WARN_UNINITIALIZED_AUTOS = YES_AGGRESSIVE;
				GCC_WARN_UNUSED_FUNCTION = YES;
				GCC_WARN_UNUSED_VARIABLE = YES;
				IPHONEOS_DEPLOYMENT_TARGET = 14.4;
				MTL_ENABLE_DEBUG_INFO = NO;
				MTL_FAST_MATH = YES;
				SDKROOT = iphoneos;
				SWIFT_COMPILATION_MODE = wholemodule;
				SWIFT_OPTIMIZATION_LEVEL = "-O";
				VALIDATE_PRODUCT = YES;
			};
			name = Release;
		};
		5D53105D2706E045000D4A8B /* Debug */ = {
			isa = XCBuildConfiguration;
			baseConfigurationReference = 32876F621E352E2774A2B5EA /* Pods-DeltaGames.debug.xcconfig */;
			buildSettings = {
				ASSETCATALOG_COMPILER_APPICON_NAME = AppIcon;
				ASSETCATALOG_COMPILER_GLOBAL_ACCENT_COLOR_NAME = AccentColor;
				CODE_SIGN_STYLE = Automatic;
				DEVELOPMENT_ASSET_PATHS = "\"DeltaGames/Resources/Preview Content\"";
				DEVELOPMENT_TEAM = 3WJZK9XR37;
				ENABLE_PREVIEWS = YES;
				INFOPLIST_FILE = DeltaGames/Resources/Info.plist;
				IPHONEOS_DEPLOYMENT_TARGET = 14.0;
				LD_RUNPATH_SEARCH_PATHS = (
					"$(inherited)",
					"@executable_path/Frameworks",
				);
				PRODUCT_BUNDLE_IDENTIFIER = com.deltarfd.DeltaGames;
				PRODUCT_NAME = "$(TARGET_NAME)";
				SWIFT_VERSION = 5.0;
				TARGETED_DEVICE_FAMILY = "1,2";
			};
			name = Debug;
		};
		5D53105E2706E045000D4A8B /* Release */ = {
			isa = XCBuildConfiguration;
			baseConfigurationReference = 3130AF5517E06A70B681BEBF /* Pods-DeltaGames.release.xcconfig */;
			buildSettings = {
				ASSETCATALOG_COMPILER_APPICON_NAME = AppIcon;
				ASSETCATALOG_COMPILER_GLOBAL_ACCENT_COLOR_NAME = AccentColor;
				CODE_SIGN_STYLE = Automatic;
				DEVELOPMENT_ASSET_PATHS = "\"DeltaGames/Resources/Preview Content\"";
				DEVELOPMENT_TEAM = 3WJZK9XR37;
				ENABLE_PREVIEWS = YES;
				INFOPLIST_FILE = DeltaGames/Resources/Info.plist;
				IPHONEOS_DEPLOYMENT_TARGET = 14.0;
				LD_RUNPATH_SEARCH_PATHS = (
					"$(inherited)",
					"@executable_path/Frameworks",
				);
				PRODUCT_BUNDLE_IDENTIFIER = com.deltarfd.DeltaGames;
				PRODUCT_NAME = "$(TARGET_NAME)";
				SWIFT_VERSION = 5.0;
				TARGETED_DEVICE_FAMILY = "1,2";
			};
			name = Release;
		};
/* End XCBuildConfiguration section */

/* Begin XCConfigurationList section */
		5D5310482706E043000D4A8B /* Build configuration list for PBXProject "DeltaGames" */ = {
			isa = XCConfigurationList;
			buildConfigurations = (
				5D53105A2706E045000D4A8B /* Debug */,
				5D53105B2706E045000D4A8B /* Release */,
			);
			defaultConfigurationIsVisible = 0;
			defaultConfigurationName = Release;
		};
		5D53105C2706E045000D4A8B /* Build configuration list for PBXNativeTarget "DeltaGames" */ = {
			isa = XCConfigurationList;
			buildConfigurations = (
				5D53105D2706E045000D4A8B /* Debug */,
				5D53105E2706E045000D4A8B /* Release */,
			);
			defaultConfigurationIsVisible = 0;
			defaultConfigurationName = Release;
		};
/* End XCConfigurationList section */
	};
	rootObject = 5D5310452706E043000D4A8B /* Project object */;
}
